
Microsoft Visual Studio Solution File, Format Version 12.00
# Visual Studio Version 16
VisualStudioVersion = 16.0.30621.155
MinimumVisualStudioVersion = 10.0.40219.1
Project("{9A19103F-16F7-4668-BE54-9A1E7A4F7556}") = "MTController2", "MTController2\MTController2.csproj", "{4C93FBA7-46F9-427D-8E0B-1B8A1894896C}"
EndProject
Project("{FAE04EC0-301F-11D3-BF4B-00C04F79EFBC}") = "jobs", "jobs\jobs.csproj", "{2869F3AA-3C52-410D-B8F2-B159FD5BCEA2}"
EndProject
Global
	GlobalSection(SolutionConfigurationPlatforms) = preSolution
		Debug|Any CPU = Debug|Any CPU
		Release|Any CPU = Release|Any CPU
	EndGlobalSection
	GlobalSection(ProjectConfigurationPlatforms) = postSolution
		{4C93FBA7-46F9-427D-8E0B-1B8A1894896C}.Debug|Any CPU.ActiveCfg = Debug|Any CPU
		{4C93FBA7-46F9-427D-8E0B-1B8A1894896C}.Debug|Any CPU.Build.0 = Debug|Any CPU
		{4C93FBA7-46F9-427D-8E0B-1B8A1894896C}.Release|Any CPU.ActiveCfg = Release|Any CPU
		{4C93FBA7-46F9-427D-8E0B-1B8A1894896C}.Release|Any CPU.Build.0 = Release|Any CPU
		{2869F3AA-3C52-410D-B8F2-B159FD5BCEA2}.Debug|Any CPU.ActiveCfg = Debug|Any CPU
		{2869F3AA-3C52-410D-B8F2-B159FD5BCEA2}.Debug|Any CPU.Build.0 = Debug|Any CPU
		{2869F3AA-3C52-410D-B8F2-B159FD5BCEA2}.Release|Any CPU.ActiveCfg = Release|Any CPU
		{2869F3AA-3C52-410D-B8F2-B159FD5BCEA2}.Release|Any CPU.Build.0 = Release|Any CPU
	EndGlobalSection
	GlobalSection(SolutionProperties) = preSolution
		HideSolutionNode = FALSE
	EndGlobalSection
	GlobalSection(ExtensibilityGlobals) = postSolution
		SolutionGuid = {77161618-3BA0-4087-A75D-34397D0CEF32}
	EndGlobalSection
EndGlobal
